
Microsoft Visual Studio Solution File, Format Version 12.00
# Visual Studio 15
VisualStudioVersion = 15.0.27130.2026
MinimumVisualStudioVersion = 10.0.40219.1
Project("{9A19103F-16F7-4668-BE54-9A1E7A4F7556}") = "Matching", "Matching\Matching.csproj", "{9DEF0202-C00B-4EE2-A412-8C353F5E6B6E}"
EndProject
Project("{9A19103F-16F7-4668-BE54-9A1E7A4F7556}") = "Pricing", "Pricing\Pricing.csproj", "{71E63D36-D285-4950-8936-063467EA7025}"
EndProject
Project("{9A19103F-16F7-4668-BE54-9A1E7A4F7556}") = "Scheduling", "Scheduling\Scheduling.csproj", "{DFD8D0C6-C4F1-4A9F-81B8-E9A2A5C0B1DB}"
EndProject
Project("{9A19103F-16F7-4668-BE54-9A1E7A4F7556}") = "Bootstrap", "Bootstrap\Bootstrap.csproj", "{04D5CB24-03D7-4707-980C-27B9ECECFCE9}"
EndProject
Project("{9A19103F-16F7-4668-BE54-9A1E7A4F7556}") = "IntegrationTests", "IntegrationTests\IntegrationTests.csproj", "{D6268872-E88C-4C24-B70B-BEB8D905879B}"
EndProject
Project("{FAE04EC0-301F-11D3-BF4B-00C04F79EFBC}") = "mockroservices-dotnet", "mockroservices-dotnet\mockroservices-dotnet.csproj", "{6881B4EB-0FDD-482B-B740-6D6BA2566406}"
EndProject
Project("{2150E333-8FDC-42A3-9474-1A3956D46DE8}") = "Infrastructure", "Infrastructure", "{AB078424-82B6-49F7-9060-336FEEA20594}"
EndProject
Global
	GlobalSection(SolutionConfigurationPlatforms) = preSolution
		Debug|Any CPU = Debug|Any CPU
		Release|Any CPU = Release|Any CPU
	EndGlobalSection
	GlobalSection(ProjectConfigurationPlatforms) = postSolution
		{9DEF0202-C00B-4EE2-A412-8C353F5E6B6E}.Debug|Any CPU.ActiveCfg = Debug|Any CPU
		{9DEF0202-C00B-4EE2-A412-8C353F5E6B6E}.Debug|Any CPU.Build.0 = Debug|Any CPU
		{9DEF0202-C00B-4EE2-A412-8C353F5E6B6E}.Release|Any CPU.ActiveCfg = Release|Any CPU
		{9DEF0202-C00B-4EE2-A412-8C353F5E6B6E}.Release|Any CPU.Build.0 = Release|Any CPU
		{71E63D36-D285-4950-8936-063467EA7025}.Debug|Any CPU.ActiveCfg = Debug|Any CPU
		{71E63D36-D285-4950-8936-063467EA7025}.Debug|Any CPU.Build.0 = Debug|Any CPU
		{71E63D36-D285-4950-8936-063467EA7025}.Release|Any CPU.ActiveCfg = Release|Any CPU
		{71E63D36-D285-4950-8936-063467EA7025}.Release|Any CPU.Build.0 = Release|Any CPU
		{DFD8D0C6-C4F1-4A9F-81B8-E9A2A5C0B1DB}.Debug|Any CPU.ActiveCfg = Debug|Any CPU
		{DFD8D0C6-C4F1-4A9F-81B8-E9A2A5C0B1DB}.Debug|Any CPU.Build.0 = Debug|Any CPU
		{DFD8D0C6-C4F1-4A9F-81B8-E9A2A5C0B1DB}.Release|Any CPU.ActiveCfg = Release|Any CPU
		{DFD8D0C6-C4F1-4A9F-81B8-E9A2A5C0B1DB}.Release|Any CPU.Build.0 = Release|Any CPU
		{04D5CB24-03D7-4707-980C-27B9ECECFCE9}.Debug|Any CPU.ActiveCfg = Debug|Any CPU
		{04D5CB24-03D7-4707-980C-27B9ECECFCE9}.Debug|Any CPU.Build.0 = Debug|Any CPU
		{04D5CB24-03D7-4707-980C-27B9ECECFCE9}.Release|Any CPU.ActiveCfg = Release|Any CPU
		{04D5CB24-03D7-4707-980C-27B9ECECFCE9}.Release|Any CPU.Build.0 = Release|Any CPU
		{D6268872-E88C-4C24-B70B-BEB8D905879B}.Debug|Any CPU.ActiveCfg = Debug|Any CPU
		{D6268872-E88C-4C24-B70B-BEB8D905879B}.Debug|Any CPU.Build.0 = Debug|Any CPU
		{D6268872-E88C-4C24-B70B-BEB8D905879B}.Release|Any CPU.ActiveCfg = Release|Any CPU
		{D6268872-E88C-4C24-B70B-BEB8D905879B}.Release|Any CPU.Build.0 = Release|Any CPU
		{6881B4EB-0FDD-482B-B740-6D6BA2566406}.Debug|Any CPU.ActiveCfg = Debug|Any CPU
		{6881B4EB-0FDD-482B-B740-6D6BA2566406}.Debug|Any CPU.Build.0 = Debug|Any CPU
		{6881B4EB-0FDD-482B-B740-6D6BA2566406}.Release|Any CPU.ActiveCfg = Release|Any CPU
		{6881B4EB-0FDD-482B-B740-6D6BA2566406}.Release|Any CPU.Build.0 = Release|Any CPU
	EndGlobalSection
	GlobalSection(SolutionProperties) = preSolution
		HideSolutionNode = FALSE
	EndGlobalSection
	GlobalSection(NestedProjects) = preSolution
		{6881B4EB-0FDD-482B-B740-6D6BA2566406} = {AB078424-82B6-49F7-9060-336FEEA20594}
	EndGlobalSection
	GlobalSection(ExtensibilityGlobals) = postSolution
		SolutionGuid = {4A41AB2B-293B-4CF5-B91B-FBE78C94D7E6}
	EndGlobalSection
EndGlobal
